// !$*UTF8*$!
{
	archiveVersion = 1;
	classes = {
	};
	objectVersion = 46;
	objects = {

/* Begin PBXBuildFile section */
		431CAC1521ECA6DB00526159 /* MajorityElementII.swift in Sources */ = {isa = PBXBuildFile; fileRef = 431CAC1421ECA6DB00526159 /* MajorityElementII.swift */; };
		7300BBC621CB2D21004706BA /* ShortestUnsortedContinuousSubarray.swift in Sources */ = {isa = PBXBuildFile; fileRef = 7300BBC521CB2D21004706BA /* ShortestUnsortedContinuousSubarray.swift */; };
		7300BBD821CBA1A9004706BA /* AddDigits.swift in Sources */ = {isa = PBXBuildFile; fileRef = 7300BBD721CBA1A9004706BA /* AddDigits.swift */; };
		7302E17821E5D5290032D51C /* WiggleSubsequence.swift in Sources */ = {isa = PBXBuildFile; fileRef = 7302E17721E5D5290032D51C /* WiggleSubsequence.swift */; };
		7344797D21D1D392009EB471 /* MaximumProductOfThreeNumbers.swift in Sources */ = {isa = PBXBuildFile; fileRef = 7344797C21D1D392009EB471 /* MaximumProductOfThreeNumbers.swift */; };
		734479A921D34B6A009EB471 /* Leaf-SimilarTrees.swift in Sources */ = {isa = PBXBuildFile; fileRef = 734479A821D34B6A009EB471 /* Leaf-SimilarTrees.swift */; };
		734479C921D46C5E009EB471 /* TeemoAttacking.swift in Sources */ = {isa = PBXBuildFile; fileRef = 734479C821D46C5E009EB471 /* TeemoAttacking.swift */; };
		73E8020521D5C151009DB3BE /* MergeSortedArray.swift in Sources */ = {isa = PBXBuildFile; fileRef = 73E8020421D5C151009DB3BE /* MergeSortedArray.swift */; };
		73F48DBE21E4937000938DEC /* BoatstoSavePeople.swift in Sources */ = {isa = PBXBuildFile; fileRef = 73F48DBD21E4937000938DEC /* BoatstoSavePeople.swift */; };
		73F806E221DCC87A00FAFEFA /* MinimumSizeSubarraySum.swift in Sources */ = {isa = PBXBuildFile; fileRef = 73F806E121DCC87A00FAFEFA /* MinimumSizeSubarraySum.swift */; };
		91673B1721D31A5F005BA45F /* DistributeCandies.swift in Sources */ = {isa = PBXBuildFile; fileRef = 91673B1621D31A5F005BA45F /* DistributeCandies.swift */; };
		9190F3CA21D0734C00BD8541 /* NonDecreasing.swift in Sources */ = {isa = PBXBuildFile; fileRef = 9190F3C921D0734C00BD8541 /* NonDecreasing.swift */; };
		919A416621DCE84400FF1B7D /* LongestCommonPrefix.swift in Sources */ = {isa = PBXBuildFile; fileRef = 919A416521DCE84400FF1B7D /* LongestCommonPrefix.swift */; };
		919E620E21CFAF3300DDEDC4 /* MinimumMovesToEqual.swift in Sources */ = {isa = PBXBuildFile; fileRef = 919E620D21CFAF3300DDEDC4 /* MinimumMovesToEqual.swift */; };
		91B4386421D0F0B800C7529A /* ValidPalindrome.swift in Sources */ = {isa = PBXBuildFile; fileRef = 91B4386321D0F0B800C7529A /* ValidPalindrome.swift */; };
		91B4386921D1C91200C7529A /* FlippingAnImage.swift in Sources */ = {isa = PBXBuildFile; fileRef = 91B4386821D1C91200C7529A /* FlippingAnImage.swift */; };
		91CE9FBB21CA075E006B3498 /* Hello.swift in Sources */ = {isa = PBXBuildFile; fileRef = 91CE9FB921CA075E006B3498 /* Hello.swift */; };
		91CE9FBC21CA075E006B3498 /* main.swift in Sources */ = {isa = PBXBuildFile; fileRef = 91CE9FBA21CA075E006B3498 /* main.swift */; };
		OBJ_25 /* Package.swift in Sources */ = {isa = PBXBuildFile; fileRef = OBJ_6 /* Package.swift */; };
/* End PBXBuildFile section */

/* Begin PBXFileReference section */
		431CAC1421ECA6DB00526159 /* MajorityElementII.swift */ = {isa = PBXFileReference; fileEncoding = 4; lastKnownFileType = sourcecode.swift; path = MajorityElementII.swift; sourceTree = "<group>"; };
		7300BBC521CB2D21004706BA /* ShortestUnsortedContinuousSubarray.swift */ = {isa = PBXFileReference; lastKnownFileType = sourcecode.swift; path = ShortestUnsortedContinuousSubarray.swift; sourceTree = "<group>"; };
		7300BBD721CBA1A9004706BA /* AddDigits.swift */ = {isa = PBXFileReference; lastKnownFileType = sourcecode.swift; path = AddDigits.swift; sourceTree = "<group>"; };
		7302E17721E5D5290032D51C /* WiggleSubsequence.swift */ = {isa = PBXFileReference; lastKnownFileType = sourcecode.swift; path = WiggleSubsequence.swift; sourceTree = "<group>"; };
		7344797C21D1D392009EB471 /* MaximumProductOfThreeNumbers.swift */ = {isa = PBXFileReference; lastKnownFileType = sourcecode.swift; path = MaximumProductOfThreeNumbers.swift; sourceTree = "<group>"; };
		734479A821D34B6A009EB471 /* Leaf-SimilarTrees.swift */ = {isa = PBXFileReference; lastKnownFileType = sourcecode.swift; path = "Leaf-SimilarTrees.swift"; sourceTree = "<group>"; };
		734479C821D46C5E009EB471 /* TeemoAttacking.swift */ = {isa = PBXFileReference; lastKnownFileType = sourcecode.swift; path = TeemoAttacking.swift; sourceTree = "<group>"; };
		73E8020421D5C151009DB3BE /* MergeSortedArray.swift */ = {isa = PBXFileReference; lastKnownFileType = sourcecode.swift; path = MergeSortedArray.swift; sourceTree = "<group>"; };
		73F48DBD21E4937000938DEC /* BoatstoSavePeople.swift */ = {isa = PBXFileReference; lastKnownFileType = sourcecode.swift; path = BoatstoSavePeople.swift; sourceTree = "<group>"; };
		73F806E121DCC87A00FAFEFA /* MinimumSizeSubarraySum.swift */ = {isa = PBXFileReference; fileEncoding = 4; lastKnownFileType = sourcecode.swift; path = MinimumSizeSubarraySum.swift; sourceTree = "<group>"; };
		91673B1621D31A5F005BA45F /* DistributeCandies.swift */ = {isa = PBXFileReference; lastKnownFileType = sourcecode.swift; path = DistributeCandies.swift; sourceTree = "<group>"; };
		9190F3C921D0734C00BD8541 /* NonDecreasing.swift */ = {isa = PBXFileReference; lastKnownFileType = sourcecode.swift; path = NonDecreasing.swift; sourceTree = "<group>"; };
		919A416521DCE84400FF1B7D /* LongestCommonPrefix.swift */ = {isa = PBXFileReference; fileEncoding = 4; lastKnownFileType = sourcecode.swift; path = LongestCommonPrefix.swift; sourceTree = "<group>"; };
		919A416721DCE85B00FF1B7D /* README.md */ = {isa = PBXFileReference; fileEncoding = 4; lastKnownFileType = net.daringfireball.markdown; path = README.md; sourceTree = "<group>"; };
		919E620D21CFAF3300DDEDC4 /* MinimumMovesToEqual.swift */ = {isa = PBXFileReference; lastKnownFileType = sourcecode.swift; path = MinimumMovesToEqual.swift; sourceTree = "<group>"; };
		91B4386321D0F0B800C7529A /* ValidPalindrome.swift */ = {isa = PBXFileReference; lastKnownFileType = sourcecode.swift; path = ValidPalindrome.swift; sourceTree = "<group>"; };
		91B4386821D1C91200C7529A /* FlippingAnImage.swift */ = {isa = PBXFileReference; lastKnownFileType = sourcecode.swift; path = FlippingAnImage.swift; sourceTree = "<group>"; };
		91CE9FB921CA075E006B3498 /* Hello.swift */ = {isa = PBXFileReference; fileEncoding = 4; lastKnownFileType = sourcecode.swift; path = Hello.swift; sourceTree = "<group>"; };
		91CE9FBA21CA075E006B3498 /* main.swift */ = {isa = PBXFileReference; fileEncoding = 4; lastKnownFileType = sourcecode.swift; path = main.swift; sourceTree = "<group>"; };
		"LeetCode_::LeetCode_::Product" /* LeetCode_ */ = {isa = PBXFileReference; lastKnownFileType = text; path = LeetCode_; sourceTree = BUILT_PRODUCTS_DIR; };
		OBJ_6 /* Package.swift */ = {isa = PBXFileReference; explicitFileType = sourcecode.swift; path = Package.swift; sourceTree = "<group>"; };
/* End PBXFileReference section */

/* Begin PBXFrameworksBuildPhase section */
		OBJ_19 /* Frameworks */ = {
			isa = PBXFrameworksBuildPhase;
			buildActionMask = 0;
			files = (
			);
			runOnlyForDeploymentPostprocessing = 0;
		};
/* End PBXFrameworksBuildPhase section */

/* Begin PBXGroup section */
		431CAC1321ECA6DB00526159 /* 229.MajorityElementII */ = {
			isa = PBXGroup;
			children = (
				431CAC1421ECA6DB00526159 /* MajorityElementII.swift */,
			);
			path = 229.MajorityElementII;
			sourceTree = "<group>";
		};
		7300BBC421CB2C48004706BA /* 581.ShortestUnsortedContinuousSubarray */ = {
			isa = PBXGroup;
			children = (
				7300BBC521CB2D21004706BA /* ShortestUnsortedContinuousSubarray.swift */,
			);
			path = 581.ShortestUnsortedContinuousSubarray;
			sourceTree = "<group>";
		};
		7300BBD621CBA18E004706BA /* 258.AddDigits */ = {
			isa = PBXGroup;
			children = (
				7300BBD721CBA1A9004706BA /* AddDigits.swift */,
			);
			path = 258.AddDigits;
			sourceTree = "<group>";
		};
		7302E17621E5D49F0032D51C /* 376.WiggleSubsequence */ = {
			isa = PBXGroup;
			children = (
				7302E17721E5D5290032D51C /* WiggleSubsequence.swift */,
			);
			path = 376.WiggleSubsequence;
			sourceTree = "<group>";
		};
		7344797B21D1D359009EB471 /* 628.MaximumProductOfThreeNumbers */ = {
			isa = PBXGroup;
			children = (
				7344797C21D1D392009EB471 /* MaximumProductOfThreeNumbers.swift */,
			);
			path = 628.MaximumProductOfThreeNumbers;
			sourceTree = "<group>";
		};
		734479A721D34A95009EB471 /* 872.Leaf-SimilarTrees */ = {
			isa = PBXGroup;
			children = (
				734479A821D34B6A009EB471 /* Leaf-SimilarTrees.swift */,
			);
			path = "872.Leaf-SimilarTrees";
			sourceTree = "<group>";
		};
		734479C721D46C49009EB471 /* 495.TeemoAttacking */ = {
			isa = PBXGroup;
			children = (
				734479C821D46C5E009EB471 /* TeemoAttacking.swift */,
			);
			path = 495.TeemoAttacking;
			sourceTree = "<group>";
		};
		73E8020321D5C133009DB3BE /* 088.MergeSortedArray */ = {
			isa = PBXGroup;
			children = (
				73E8020421D5C151009DB3BE /* MergeSortedArray.swift */,
			);
			path = 088.MergeSortedArray;
			sourceTree = "<group>";
		};
		73F48DBC21E4935900938DEC /* 881.BoatstoSavePeople */ = {
			isa = PBXGroup;
			children = (
				73F48DBD21E4937000938DEC /* BoatstoSavePeople.swift */,
			);
			path = 881.BoatstoSavePeople;
			sourceTree = "<group>";
		};
		73F806E021DCC87A00FAFEFA /* 209.MinimumSizeSubarraySum */ = {
			isa = PBXGroup;
			children = (
				73F806E121DCC87A00FAFEFA /* MinimumSizeSubarraySum.swift */,
			);
			path = 209.MinimumSizeSubarraySum;
			sourceTree = "<group>";
		};
		91673B1521D31A4B005BA45F /* 575.DistributeCandies */ = {
			isa = PBXGroup;
			children = (
				91673B1621D31A5F005BA45F /* DistributeCandies.swift */,
			);
			path = 575.DistributeCandies;
			sourceTree = "<group>";
		};
		9190F3C821D0732300BD8541 /* 665.Non-decreasingArray */ = {
			isa = PBXGroup;
			children = (
				9190F3C921D0734C00BD8541 /* NonDecreasing.swift */,
			);
			path = "665.Non-decreasingArray";
			sourceTree = "<group>";
		};
		919A416421DCE84400FF1B7D /* 014.LongestCommonPrefix */ = {
			isa = PBXGroup;
			children = (
				919A416521DCE84400FF1B7D /* LongestCommonPrefix.swift */,
			);
			path = 014.LongestCommonPrefix;
			sourceTree = "<group>";
		};
		919E620C21CFAEFD00DDEDC4 /* 453.MinimumMovesToEqualArrayElements */ = {
			isa = PBXGroup;
			children = (
				919E620D21CFAF3300DDEDC4 /* MinimumMovesToEqual.swift */,
			);
			path = 453.MinimumMovesToEqualArrayElements;
			sourceTree = "<group>";
		};
		91B4386221D0F0A200C7529A /* 125.ValidPalindrome */ = {
			isa = PBXGroup;
			children = (
				91B4386321D0F0B800C7529A /* ValidPalindrome.swift */,
			);
			path = 125.ValidPalindrome;
			sourceTree = "<group>";
		};
		91B4386721D1C8F800C7529A /* 832.FlippingAnImage */ = {
			isa = PBXGroup;
			children = (
				91B4386821D1C91200C7529A /* FlippingAnImage.swift */,
			);
			path = 832.FlippingAnImage;
			sourceTree = "<group>";
		};
		91CE9FB621CA075E006B3498 /* Sources */ = {
			isa = PBXGroup;
			children = (
				91CE9FB721CA075E006B3498 /* LeetCode_ */,
			);
			path = Sources;
			sourceTree = "<group>";
		};
		91CE9FB721CA075E006B3498 /* LeetCode_ */ = {
			isa = PBXGroup;
			children = (
				431CAC1321ECA6DB00526159 /* 229.MajorityElementII */,
				7302E17621E5D49F0032D51C /* 376.WiggleSubsequence */,
				919A416421DCE84400FF1B7D /* 014.LongestCommonPrefix */,
				73F48DBC21E4935900938DEC /* 881.BoatstoSavePeople */,
				73F806E021DCC87A00FAFEFA /* 209.MinimumSizeSubarraySum */,
				73E8020321D5C133009DB3BE /* 088.MergeSortedArray */,
				734479C721D46C49009EB471 /* 495.TeemoAttacking */,
				734479A721D34A95009EB471 /* 872.Leaf-SimilarTrees */,
				91673B1521D31A4B005BA45F /* 575.DistributeCandies */,
				7344797B21D1D359009EB471 /* 628.MaximumProductOfThreeNumbers */,
				91B4386721D1C8F800C7529A /* 832.FlippingAnImage */,
				91B4386221D0F0A200C7529A /* 125.ValidPalindrome */,
				9190F3C821D0732300BD8541 /* 665.Non-decreasingArray */,
				919E620C21CFAEFD00DDEDC4 /* 453.MinimumMovesToEqualArrayElements */,
				7300BBD621CBA18E004706BA /* 258.AddDigits */,
				7300BBC421CB2C48004706BA /* 581.ShortestUnsortedContinuousSubarray */,
				91CE9FB821CA075E006B3498 /* Hello */,
				91CE9FBA21CA075E006B3498 /* main.swift */,
			);
			path = LeetCode_;
			sourceTree = "<group>";
		};
		91CE9FB821CA075E006B3498 /* Hello */ = {
			isa = PBXGroup;
			children = (
				91CE9FB921CA075E006B3498 /* Hello.swift */,
			);
			path = Hello;
			sourceTree = "<group>";
		};
		OBJ_10 /* Tests */ = {
			isa = PBXGroup;
			children = (
			);
			name = Tests;
			sourceTree = SOURCE_ROOT;
		};
		OBJ_11 /* Products */ = {
			isa = PBXGroup;
			children = (
				"LeetCode_::LeetCode_::Product" /* LeetCode_ */,
			);
			name = Products;
			sourceTree = BUILT_PRODUCTS_DIR;
		};
		OBJ_5 = {
			isa = PBXGroup;
			children = (
				919A416721DCE85B00FF1B7D /* README.md */,
				OBJ_6 /* Package.swift */,
				91CE9FB621CA075E006B3498 /* Sources */,
				OBJ_10 /* Tests */,
				OBJ_11 /* Products */,
			);
			sourceTree = "<group>";
		};
/* End PBXGroup section */

/* Begin PBXNativeTarget section */
		"LeetCode_::LeetCode_" /* LeetCode_ */ = {
			isa = PBXNativeTarget;
			buildConfigurationList = OBJ_14 /* Build configuration list for PBXNativeTarget "LeetCode_" */;
			buildPhases = (
				OBJ_17 /* Sources */,
				OBJ_19 /* Frameworks */,
			);
			buildRules = (
			);
			dependencies = (
			);
			name = LeetCode_;
			productName = LeetCode_;
			productReference = "LeetCode_::LeetCode_::Product" /* LeetCode_ */;
			productType = "com.apple.product-type.tool";
		};
		"LeetCode_::SwiftPMPackageDescription" /* LeetCode_PackageDescription */ = {
			isa = PBXNativeTarget;
			buildConfigurationList = OBJ_21 /* Build configuration list for PBXNativeTarget "LeetCode_PackageDescription" */;
			buildPhases = (
				OBJ_24 /* Sources */,
			);
			buildRules = (
			);
			dependencies = (
			);
			name = LeetCode_PackageDescription;
			productName = LeetCode_PackageDescription;
			productType = "com.apple.product-type.framework";
		};
/* End PBXNativeTarget section */

/* Begin PBXProject section */
		OBJ_1 /* Project object */ = {
			isa = PBXProject;
			attributes = {
				LastUpgradeCheck = 9999;
			};
			buildConfigurationList = OBJ_2 /* Build configuration list for PBXProject "LeetCode_" */;
			compatibilityVersion = "Xcode 3.2";
			developmentRegion = English;
			hasScannedForEncodings = 0;
			knownRegions = (
				en,
			);
			mainGroup = OBJ_5;
			productRefGroup = OBJ_11 /* Products */;
			projectDirPath = "";
			projectRoot = "";
			targets = (
				"LeetCode_::LeetCode_" /* LeetCode_ */,
				"LeetCode_::SwiftPMPackageDescription" /* LeetCode_PackageDescription */,
			);
		};
/* End PBXProject section */

/* Begin PBXSourcesBuildPhase section */
		OBJ_17 /* Sources */ = {
			isa = PBXSourcesBuildPhase;
			buildActionMask = 0;
			files = (
				91673B1721D31A5F005BA45F /* DistributeCandies.swift in Sources */,
				919A416621DCE84400FF1B7D /* LongestCommonPrefix.swift in Sources */,
				73E8020521D5C151009DB3BE /* MergeSortedArray.swift in Sources */,
				91CE9FBC21CA075E006B3498 /* main.swift in Sources */,
				919E620E21CFAF3300DDEDC4 /* MinimumMovesToEqual.swift in Sources */,
				73F806E221DCC87A00FAFEFA /* MinimumSizeSubarraySum.swift in Sources */,
				9190F3CA21D0734C00BD8541 /* NonDecreasing.swift in Sources */,
				431CAC1521ECA6DB00526159 /* MajorityElementII.swift in Sources */,
				91B4386921D1C91200C7529A /* FlippingAnImage.swift in Sources */,
				734479C921D46C5E009EB471 /* TeemoAttacking.swift in Sources */,
				7300BBD821CBA1A9004706BA /* AddDigits.swift in Sources */,
				7344797D21D1D392009EB471 /* MaximumProductOfThreeNumbers.swift in Sources */,
				7302E17821E5D5290032D51C /* WiggleSubsequence.swift in Sources */,
				73F48DBE21E4937000938DEC /* BoatstoSavePeople.swift in Sources */,
				91B4386421D0F0B800C7529A /* ValidPalindrome.swift in Sources */,
				7300BBC621CB2D21004706BA /* ShortestUnsortedContinuousSubarray.swift in Sources */,
				734479A921D34B6A009EB471 /* Leaf-SimilarTrees.swift in Sources */,
				91CE9FBB21CA075E006B3498 /* Hello.swift in Sources */,
			);
			runOnlyForDeploymentPostprocessing = 0;
		};
		OBJ_24 /* Sources */ = {
			isa = PBXSourcesBuildPhase;
			buildActionMask = 0;
			files = (
				OBJ_25 /* Package.swift in Sources */,
			);
			runOnlyForDeploymentPostprocessing = 0;
		};
/* End PBXSourcesBuildPhase section */

/* Begin XCBuildConfiguration section */
		OBJ_15 /* Debug */ = {
			isa = XCBuildConfiguration;
			buildSettings = {
				FRAMEWORK_SEARCH_PATHS = (
					"$(inherited)",
					"$(PLATFORM_DIR)/Developer/Library/Frameworks",
				);
				HEADER_SEARCH_PATHS = "$(inherited)";
				INFOPLIST_FILE = LeetCode_.xcodeproj/LeetCode__Info.plist;
				LD_RUNPATH_SEARCH_PATHS = "$(inherited) $(TOOLCHAIN_DIR)/usr/lib/swift/macosx @executable_path";
				OTHER_CFLAGS = "$(inherited)";
				OTHER_LDFLAGS = "$(inherited)";
				OTHER_SWIFT_FLAGS = "$(inherited)";
				SWIFT_ACTIVE_COMPILATION_CONDITIONS = "$(inherited)";
				SWIFT_FORCE_DYNAMIC_LINK_STDLIB = YES;
				SWIFT_FORCE_STATIC_LINK_STDLIB = NO;
				SWIFT_VERSION = 4.2;
				TARGET_NAME = LeetCode_;
			};
			name = Debug;
		};
		OBJ_16 /* Release */ = {
			isa = XCBuildConfiguration;
			buildSettings = {
				FRAMEWORK_SEARCH_PATHS = (
					"$(inherited)",
					"$(PLATFORM_DIR)/Developer/Library/Frameworks",
				);
				HEADER_SEARCH_PATHS = "$(inherited)";
				INFOPLIST_FILE = LeetCode_.xcodeproj/LeetCode__Info.plist;
				LD_RUNPATH_SEARCH_PATHS = "$(inherited) $(TOOLCHAIN_DIR)/usr/lib/swift/macosx @executable_path";
				OTHER_CFLAGS = "$(inherited)";
				OTHER_LDFLAGS = "$(inherited)";
				OTHER_SWIFT_FLAGS = "$(inherited)";
				SWIFT_ACTIVE_COMPILATION_CONDITIONS = "$(inherited)";
				SWIFT_FORCE_DYNAMIC_LINK_STDLIB = YES;
				SWIFT_FORCE_STATIC_LINK_STDLIB = NO;
				SWIFT_VERSION = 4.2;
				TARGET_NAME = LeetCode_;
			};
			name = Release;
		};
		OBJ_22 /* Debug */ = {
			isa = XCBuildConfiguration;
			buildSettings = {
				LD = /usr/bin/true;
				OTHER_SWIFT_FLAGS = "-swift-version 4.2 -I $(TOOLCHAIN_DIR)/usr/lib/swift/pm/4_2 -target x86_64-apple-macosx10.10 -sdk /Applications/Xcode.app/Contents/Developer/Platforms/MacOSX.platform/Developer/SDKs/MacOSX10.14.sdk";
				SWIFT_VERSION = 4.2;
			};
			name = Debug;
		};
		OBJ_23 /* Release */ = {
			isa = XCBuildConfiguration;
			buildSettings = {
				LD = /usr/bin/true;
				OTHER_SWIFT_FLAGS = "-swift-version 4.2 -I $(TOOLCHAIN_DIR)/usr/lib/swift/pm/4_2 -target x86_64-apple-macosx10.10 -sdk /Applications/Xcode.app/Contents/Developer/Platforms/MacOSX.platform/Developer/SDKs/MacOSX10.14.sdk";
				SWIFT_VERSION = 4.2;
			};
			name = Release;
		};
		OBJ_3 /* Debug */ = {
			isa = XCBuildConfiguration;
			buildSettings = {
				CLANG_ENABLE_OBJC_ARC = YES;
				COMBINE_HIDPI_IMAGES = YES;
				COPY_PHASE_STRIP = NO;
				DEBUG_INFORMATION_FORMAT = dwarf;
				DYLIB_INSTALL_NAME_BASE = "@rpath";
				ENABLE_NS_ASSERTIONS = YES;
				GCC_OPTIMIZATION_LEVEL = 0;
				GCC_PREPROCESSOR_DEFINITIONS = (
					"DEBUG=1",
					"$(inherited)",
				);
				MACOSX_DEPLOYMENT_TARGET = 10.10;
				ONLY_ACTIVE_ARCH = YES;
				OTHER_SWIFT_FLAGS = "-DXcode";
				PRODUCT_NAME = "$(TARGET_NAME)";
				SDKROOT = macosx;
				SUPPORTED_PLATFORMS = "macosx iphoneos iphonesimulator appletvos appletvsimulator watchos watchsimulator";
				SWIFT_ACTIVE_COMPILATION_CONDITIONS = "SWIFT_PACKAGE DEBUG";
				SWIFT_OPTIMIZATION_LEVEL = "-Onone";
				USE_HEADERMAP = NO;
			};
			name = Debug;
		};
		OBJ_4 /* Release */ = {
			isa = XCBuildConfiguration;
			buildSettings = {
				CLANG_ENABLE_OBJC_ARC = YES;
				COMBINE_HIDPI_IMAGES = YES;
				COPY_PHASE_STRIP = YES;
				DEBUG_INFORMATION_FORMAT = "dwarf-with-dsym";
				DYLIB_INSTALL_NAME_BASE = "@rpath";
				GCC_OPTIMIZATION_LEVEL = s;
				MACOSX_DEPLOYMENT_TARGET = 10.10;
				OTHER_SWIFT_FLAGS = "-DXcode";
				PRODUCT_NAME = "$(TARGET_NAME)";
				SDKROOT = macosx;
				SUPPORTED_PLATFORMS = "macosx iphoneos iphonesimulator appletvos appletvsimulator watchos watchsimulator";
				SWIFT_ACTIVE_COMPILATION_CONDITIONS = SWIFT_PACKAGE;
				SWIFT_OPTIMIZATION_LEVEL = "-Owholemodule";
				USE_HEADERMAP = NO;
			};
			name = Release;
		};
/* End XCBuildConfiguration section */

/* Begin XCConfigurationList section */
		OBJ_14 /* Build configuration list for PBXNativeTarget "LeetCode_" */ = {
			isa = XCConfigurationList;
			buildConfigurations = (
				OBJ_15 /* Debug */,
				OBJ_16 /* Release */,
			);
			defaultConfigurationIsVisible = 0;
			defaultConfigurationName = Release;
		};
		OBJ_2 /* Build configuration list for PBXProject "LeetCode_" */ = {
			isa = XCConfigurationList;
			buildConfigurations = (
				OBJ_3 /* Debug */,
				OBJ_4 /* Release */,
			);
			defaultConfigurationIsVisible = 0;
			defaultConfigurationName = Release;
		};
		OBJ_21 /* Build configuration list for PBXNativeTarget "LeetCode_PackageDescription" */ = {
			isa = XCConfigurationList;
			buildConfigurations = (
				OBJ_22 /* Debug */,
				OBJ_23 /* Release */,
			);
			defaultConfigurationIsVisible = 0;
			defaultConfigurationName = Release;
		};
/* End XCConfigurationList section */
	};
	rootObject = OBJ_1 /* Project object */;
}
